
Microsoft Visual Studio Solution File, Format Version 12.00
# Visual Studio Version 16
VisualStudioVersion = 16.0.28922.388
MinimumVisualStudioVersion = 10.0.40219.1
Project("{FAE04EC0-301F-11D3-BF4B-00C04F79EFBC}") = "ncom", "ncom\ncom.csproj", "{7993743C-0D46-4349-89DA-7F725FD71177}"
EndProject
Global
	GlobalSection(SolutionConfigurationPlatforms) = preSolution
		Debug|Any CPU = Debug|Any CPU
		Release|Any CPU = Release|Any CPU
	EndGlobalSection
	GlobalSection(ProjectConfigurationPlatforms) = postSolution
		{7993743C-0D46-4349-89DA-7F725FD71177}.Debug|Any CPU.ActiveCfg = Debug|Any CPU
		{7993743C-0D46-4349-89DA-7F725FD71177}.Debug|Any CPU.Build.0 = Debug|Any CPU
		{7993743C-0D46-4349-89DA-7F725FD71177}.Release|Any CPU.ActiveCfg = Release|Any CPU
		{7993743C-0D46-4349-89DA-7F725FD71177}.Release|Any CPU.Build.0 = Release|Any CPU
	EndGlobalSection
	GlobalSection(SolutionProperties) = preSolution
		HideSolutionNode = FALSE
	EndGlobalSection
	GlobalSection(ExtensibilityGlobals) = postSolution
		SolutionGuid = {46F2F8E6-C0A7-4C05-923F-B258F2F88AC2}
	EndGlobalSection
EndGlobal
